// !$*UTF8*$!
{
	archiveVersion = 1;
	classes = {
	};
	objectVersion = 50;
	objects = {

/* Begin PBXBuildFile section */
		827281CB25B13BD600117BC2 /* ProductCell.swift in Sources */ = {isa = PBXBuildFile; fileRef = 827281CA25B13BD500117BC2 /* ProductCell.swift */; };
		827281CE25B155BB00117BC2 /* CustomImageView.swift in Sources */ = {isa = PBXBuildFile; fileRef = 827281CD25B155BB00117BC2 /* CustomImageView.swift */; };
		82DA970825B0BDC700011C42 /* AppDelegate.swift in Sources */ = {isa = PBXBuildFile; fileRef = 82DA970725B0BDC700011C42 /* AppDelegate.swift */; };
		82DA970C25B0BDC700011C42 /* ViewController.swift in Sources */ = {isa = PBXBuildFile; fileRef = 82DA970B25B0BDC700011C42 /* ViewController.swift */; };
		82DA971125B0BDCE00011C42 /* Assets.xcassets in Resources */ = {isa = PBXBuildFile; fileRef = 82DA971025B0BDCE00011C42 /* Assets.xcassets */; };
		82DA971425B0BDCE00011C42 /* LaunchScreen.storyboard in Resources */ = {isa = PBXBuildFile; fileRef = 82DA971225B0BDCE00011C42 /* LaunchScreen.storyboard */; };
		82DA972425B1140800011C42 /* LobLawsProduct.swift in Sources */ = {isa = PBXBuildFile; fileRef = 82DA972325B1140800011C42 /* LobLawsProduct.swift */; };
		82DA972A25B114E400011C42 /* ApiClient.swift in Sources */ = {isa = PBXBuildFile; fileRef = 82DA972925B114E400011C42 /* ApiClient.swift */; };
		82DA972F25B1163D00011C42 /* Constant.swift in Sources */ = {isa = PBXBuildFile; fileRef = 82DA972E25B1163D00011C42 /* Constant.swift */; };
/* End PBXBuildFile section */

/* Begin PBXFileReference section */
		827281CA25B13BD500117BC2 /* ProductCell.swift */ = {isa = PBXFileReference; lastKnownFileType = sourcecode.swift; path = ProductCell.swift; sourceTree = "<group>"; };
		827281CD25B155BB00117BC2 /* CustomImageView.swift */ = {isa = PBXFileReference; fileEncoding = 4; lastKnownFileType = sourcecode.swift; path = CustomImageView.swift; sourceTree = "<group>"; };
		82DA970425B0BDC700011C42 /* LobLawsEcommerce.app */ = {isa = PBXFileReference; explicitFileType = wrapper.application; includeInIndex = 0; path = LobLawsEcommerce.app; sourceTree = BUILT_PRODUCTS_DIR; };
		82DA970725B0BDC700011C42 /* AppDelegate.swift */ = {isa = PBXFileReference; lastKnownFileType = sourcecode.swift; path = AppDelegate.swift; sourceTree = "<group>"; };
		82DA970B25B0BDC700011C42 /* ViewController.swift */ = {isa = PBXFileReference; lastKnownFileType = sourcecode.swift; path = ViewController.swift; sourceTree = "<group>"; };
		82DA971025B0BDCE00011C42 /* Assets.xcassets */ = {isa = PBXFileReference; lastKnownFileType = folder.assetcatalog; path = Assets.xcassets; sourceTree = "<group>"; };
		82DA971325B0BDCE00011C42 /* Base */ = {isa = PBXFileReference; lastKnownFileType = file.storyboard; name = Base; path = Base.lproj/LaunchScreen.storyboard; sourceTree = "<group>"; };
		82DA971525B0BDCE00011C42 /* Info.plist */ = {isa = PBXFileReference; lastKnownFileType = text.plist.xml; path = Info.plist; sourceTree = "<group>"; };
		82DA972325B1140800011C42 /* LobLawsProduct.swift */ = {isa = PBXFileReference; lastKnownFileType = sourcecode.swift; path = LobLawsProduct.swift; sourceTree = "<group>"; };
		82DA972925B114E400011C42 /* ApiClient.swift */ = {isa = PBXFileReference; lastKnownFileType = sourcecode.swift; path = ApiClient.swift; sourceTree = "<group>"; };
		82DA972E25B1163D00011C42 /* Constant.swift */ = {isa = PBXFileReference; lastKnownFileType = sourcecode.swift; path = Constant.swift; sourceTree = "<group>"; };
/* End PBXFileReference section */

/* Begin PBXFrameworksBuildPhase section */
		82DA970125B0BDC700011C42 /* Frameworks */ = {
			isa = PBXFrameworksBuildPhase;
			buildActionMask = 2147483647;
			files = (
			);
			runOnlyForDeploymentPostprocessing = 0;
		};
/* End PBXFrameworksBuildPhase section */

/* Begin PBXGroup section */
		82DA96FB25B0BDC600011C42 = {
			isa = PBXGroup;
			children = (
				82DA970625B0BDC700011C42 /* LobLawsEcommerce */,
				82DA970525B0BDC700011C42 /* Products */,
			);
			sourceTree = "<group>";
		};
		82DA970525B0BDC700011C42 /* Products */ = {
			isa = PBXGroup;
			children = (
				82DA970425B0BDC700011C42 /* LobLawsEcommerce.app */,
			);
			name = Products;
			sourceTree = "<group>";
		};
		82DA970625B0BDC700011C42 /* LobLawsEcommerce */ = {
			isa = PBXGroup;
			children = (
				82DA972D25B1151C00011C42 /* Helper */,
				82DA972825B114A600011C42 /* ApiManager */,
				82DA972725B1141E00011C42 /* ModelView */,
				82DA972625B1141400011C42 /* View */,
				82DA972225B113E700011C42 /* Model */,
				82DA970725B0BDC700011C42 /* AppDelegate.swift */,
				82DA971025B0BDCE00011C42 /* Assets.xcassets */,
				82DA971225B0BDCE00011C42 /* LaunchScreen.storyboard */,
				82DA971525B0BDCE00011C42 /* Info.plist */,
			);
			path = LobLawsEcommerce;
			sourceTree = "<group>";
		};
		82DA972225B113E700011C42 /* Model */ = {
			isa = PBXGroup;
			children = (
				82DA972325B1140800011C42 /* LobLawsProduct.swift */,
			);
			path = Model;
			sourceTree = "<group>";
		};
		82DA972625B1141400011C42 /* View */ = {
			isa = PBXGroup;
			children = (
				82DA970B25B0BDC700011C42 /* ViewController.swift */,
				827281CA25B13BD500117BC2 /* ProductCell.swift */,
			);
			path = View;
			sourceTree = "<group>";
		};
		82DA972725B1141E00011C42 /* ModelView */ = {
			isa = PBXGroup;
			children = (
			);
			path = ModelView;
			sourceTree = "<group>";
		};
		82DA972825B114A600011C42 /* ApiManager */ = {
			isa = PBXGroup;
			children = (
				82DA972925B114E400011C42 /* ApiClient.swift */,
			);
			path = ApiManager;
			sourceTree = "<group>";
		};
		82DA972D25B1151C00011C42 /* Helper */ = {
			isa = PBXGroup;
			children = (
				82DA972E25B1163D00011C42 /* Constant.swift */,
				827281CD25B155BB00117BC2 /* CustomImageView.swift */,
			);
			path = Helper;
			sourceTree = "<group>";
		};
/* End PBXGroup section */

/* Begin PBXNativeTarget section */
		82DA970325B0BDC700011C42 /* LobLawsEcommerce */ = {
			isa = PBXNativeTarget;
			buildConfigurationList = 82DA971825B0BDCE00011C42 /* Build configuration list for PBXNativeTarget "LobLawsEcommerce" */;
			buildPhases = (
				82DA970025B0BDC700011C42 /* Sources */,
				82DA970125B0BDC700011C42 /* Frameworks */,
				82DA970225B0BDC700011C42 /* Resources */,
			);
			buildRules = (
			);
			dependencies = (
			);
			name = LobLawsEcommerce;
			productName = LobLawsEcommerce;
			productReference = 82DA970425B0BDC700011C42 /* LobLawsEcommerce.app */;
			productType = "com.apple.product-type.application";
		};
/* End PBXNativeTarget section */

/* Begin PBXProject section */
		82DA96FC25B0BDC600011C42 /* Project object */ = {
			isa = PBXProject;
			attributes = {
				LastSwiftUpdateCheck = 1230;
				LastUpgradeCheck = 1230;
				TargetAttributes = {
					82DA970325B0BDC700011C42 = {
						CreatedOnToolsVersion = 12.3;
					};
				};
			};
			buildConfigurationList = 82DA96FF25B0BDC600011C42 /* Build configuration list for PBXProject "LobLawsEcommerce" */;
			compatibilityVersion = "Xcode 9.3";
			developmentRegion = en;
			hasScannedForEncodings = 0;
			knownRegions = (
				en,
				Base,
			);
			mainGroup = 82DA96FB25B0BDC600011C42;
			productRefGroup = 82DA970525B0BDC700011C42 /* Products */;
			projectDirPath = "";
			projectRoot = "";
			targets = (
				82DA970325B0BDC700011C42 /* LobLawsEcommerce */,
			);
		};
/* End PBXProject section */

/* Begin PBXResourcesBuildPhase section */
		82DA970225B0BDC700011C42 /* Resources */ = {
			isa = PBXResourcesBuildPhase;
			buildActionMask = 2147483647;
			files = (
				82DA971425B0BDCE00011C42 /* LaunchScreen.storyboard in Resources */,
				82DA971125B0BDCE00011C42 /* Assets.xcassets in Resources */,
			);
			runOnlyForDeploymentPostprocessing = 0;
		};
/* End PBXResourcesBuildPhase section */

/* Begin PBXSourcesBuildPhase section */
		82DA970025B0BDC700011C42 /* Sources */ = {
			isa = PBXSourcesBuildPhase;
			buildActionMask = 2147483647;
			files = (
				82DA970C25B0BDC700011C42 /* ViewController.swift in Sources */,
				82DA972425B1140800011C42 /* LobLawsProduct.swift in Sources */,
				82DA972F25B1163D00011C42 /* Constant.swift in Sources */,
				827281CE25B155BB00117BC2 /* CustomImageView.swift in Sources */,
				827281CB25B13BD600117BC2 /* ProductCell.swift in Sources */,
				82DA970825B0BDC700011C42 /* AppDelegate.swift in Sources */,
				82DA972A25B114E400011C42 /* ApiClient.swift in Sources */,
			);
			runOnlyForDeploymentPostprocessing = 0;
		};
/* End PBXSourcesBuildPhase section */

/* Begin PBXVariantGroup section */
		82DA971225B0BDCE00011C42 /* LaunchScreen.storyboard */ = {
			isa = PBXVariantGroup;
			children = (
				82DA971325B0BDCE00011C42 /* Base */,
			);
			name = LaunchScreen.storyboard;
			sourceTree = "<group>";
		};
/* End PBXVariantGroup section */

/* Begin XCBuildConfiguration section */
		82DA971625B0BDCE00011C42 /* Debug */ = {
			isa = XCBuildConfiguration;
			buildSettings = {
				ALWAYS_SEARCH_USER_PATHS = NO;
				CLANG_ANALYZER_NONNULL = YES;
				CLANG_ANALYZER_NUMBER_OBJECT_CONVERSION = YES_AGGRESSIVE;
				CLANG_CXX_LANGUAGE_STANDARD = "gnu++14";
				CLANG_CXX_LIBRARY = "libc++";
				CLANG_ENABLE_MODULES = YES;
				CLANG_ENABLE_OBJC_ARC = YES;
				CLANG_ENABLE_OBJC_WEAK = YES;
				CLANG_WARN_BLOCK_CAPTURE_AUTORELEASING = YES;
				CLANG_WARN_BOOL_CONVERSION = YES;
				CLANG_WARN_COMMA = YES;
				CLANG_WARN_CONSTANT_CONVERSION = YES;
				CLANG_WARN_DEPRECATED_OBJC_IMPLEMENTATIONS = YES;
				CLANG_WARN_DIRECT_OBJC_ISA_USAGE = YES_ERROR;
				CLANG_WARN_DOCUMENTATION_COMMENTS = YES;
				CLANG_WARN_EMPTY_BODY = YES;
				CLANG_WARN_ENUM_CONVERSION = YES;
				CLANG_WARN_INFINITE_RECURSION = YES;
				CLANG_WARN_INT_CONVERSION = YES;
				CLANG_WARN_NON_LITERAL_NULL_CONVERSION = YES;
				CLANG_WARN_OBJC_IMPLICIT_RETAIN_SELF = YES;
				CLANG_WARN_OBJC_LITERAL_CONVERSION = YES;
				CLANG_WARN_OBJC_ROOT_CLASS = YES_ERROR;
				CLANG_WARN_QUOTED_INCLUDE_IN_FRAMEWORK_HEADER = YES;
				CLANG_WARN_RANGE_LOOP_ANALYSIS = YES;
				CLANG_WARN_STRICT_PROTOTYPES = YES;
				CLANG_WARN_SUSPICIOUS_MOVE = YES;
				CLANG_WARN_UNGUARDED_AVAILABILITY = YES_AGGRESSIVE;
				CLANG_WARN_UNREACHABLE_CODE = YES;
				CLANG_WARN__DUPLICATE_METHOD_MATCH = YES;
				COPY_PHASE_STRIP = NO;
				DEBUG_INFORMATION_FORMAT = dwarf;
				ENABLE_STRICT_OBJC_MSGSEND = YES;
				ENABLE_TESTABILITY = YES;
				GCC_C_LANGUAGE_STANDARD = gnu11;
				GCC_DYNAMIC_NO_PIC = NO;
				GCC_NO_COMMON_BLOCKS = YES;
				GCC_OPTIMIZATION_LEVEL = 0;
				GCC_PREPROCESSOR_DEFINITIONS = (
					"DEBUG=1",
					"$(inherited)",
				);
				GCC_WARN_64_TO_32_BIT_CONVERSION = YES;
				GCC_WARN_ABOUT_RETURN_TYPE = YES_ERROR;
				GCC_WARN_UNDECLARED_SELECTOR = YES;
				GCC_WARN_UNINITIALIZED_AUTOS = YES_AGGRESSIVE;
				GCC_WARN_UNUSED_FUNCTION = YES;
				GCC_WARN_UNUSED_VARIABLE = YES;
				IPHONEOS_DEPLOYMENT_TARGET = 14.3;
				MTL_ENABLE_DEBUG_INFO = INCLUDE_SOURCE;
				MTL_FAST_MATH = YES;
				ONLY_ACTIVE_ARCH = YES;
				SDKROOT = iphoneos;
				SWIFT_ACTIVE_COMPILATION_CONDITIONS = DEBUG;
				SWIFT_OPTIMIZATION_LEVEL = "-Onone";
			};
			name = Debug;
		};
		82DA971725B0BDCE00011C42 /* Release */ = {
			isa = XCBuildConfiguration;
			buildSettings = {
				ALWAYS_SEARCH_USER_PATHS = NO;
				CLANG_ANALYZER_NONNULL = YES;
				CLANG_ANALYZER_NUMBER_OBJECT_CONVERSION = YES_AGGRESSIVE;
				CLANG_CXX_LANGUAGE_STANDARD = "gnu++14";
				CLANG_CXX_LIBRARY = "libc++";
				CLANG_ENABLE_MODULES = YES;
				CLANG_ENABLE_OBJC_ARC = YES;
				CLANG_ENABLE_OBJC_WEAK = YES;
				CLANG_WARN_BLOCK_CAPTURE_AUTORELEASING = YES;
				CLANG_WARN_BOOL_CONVERSION = YES;
				CLANG_WARN_COMMA = YES;
				CLANG_WARN_CONSTANT_CONVERSION = YES;
				CLANG_WARN_DEPRECATED_OBJC_IMPLEMENTATIONS = YES;
				CLANG_WARN_DIRECT_OBJC_ISA_USAGE = YES_ERROR;
				CLANG_WARN_DOCUMENTATION_COMMENTS = YES;
				CLANG_WARN_EMPTY_BODY = YES;
				CLANG_WARN_ENUM_CONVERSION = YES;
				CLANG_WARN_INFINITE_RECURSION = YES;
				CLANG_WARN_INT_CONVERSION = YES;
				CLANG_WARN_NON_LITERAL_NULL_CONVERSION = YES;
				CLANG_WARN_OBJC_IMPLICIT_RETAIN_SELF = YES;
				CLANG_WARN_OBJC_LITERAL_CONVERSION = YES;
				CLANG_WARN_OBJC_ROOT_CLASS = YES_ERROR;
				CLANG_WARN_QUOTED_INCLUDE_IN_FRAMEWORK_HEADER = YES;
				CLANG_WARN_RANGE_LOOP_ANALYSIS = YES;
				CLANG_WARN_STRICT_PROTOTYPES = YES;
				CLANG_WARN_SUSPICIOUS_MOVE = YES;
				CLANG_WARN_UNGUARDED_AVAILABILITY = YES_AGGRESSIVE;
				CLANG_WARN_UNREACHABLE_CODE = YES;
				CLANG_WARN__DUPLICATE_METHOD_MATCH = YES;
				COPY_PHASE_STRIP = NO;
				DEBUG_INFORMATION_FORMAT = "dwarf-with-dsym";
				ENABLE_NS_ASSERTIONS = NO;
				ENABLE_STRICT_OBJC_MSGSEND = YES;
				GCC_C_LANGUAGE_STANDARD = gnu11;
				GCC_NO_COMMON_BLOCKS = YES;
				GCC_WARN_64_TO_32_BIT_CONVERSION = YES;
				GCC_WARN_ABOUT_RETURN_TYPE = YES_ERROR;
				GCC_WARN_UNDECLARED_SELECTOR = YES;
				GCC_WARN_UNINITIALIZED_AUTOS = YES_AGGRESSIVE;
				GCC_WARN_UNUSED_FUNCTION = YES;
				GCC_WARN_UNUSED_VARIABLE = YES;
				IPHONEOS_DEPLOYMENT_TARGET = 14.3;
				MTL_ENABLE_DEBUG_INFO = NO;
				MTL_FAST_MATH = YES;
				SDKROOT = iphoneos;
				SWIFT_COMPILATION_MODE = wholemodule;
				SWIFT_OPTIMIZATION_LEVEL = "-O";
				VALIDATE_PRODUCT = YES;
			};
			name = Release;
		};
		82DA971925B0BDCE00011C42 /* Debug */ = {
			isa = XCBuildConfiguration;
			buildSettings = {
				ASSETCATALOG_COMPILER_APPICON_NAME = AppIcon;
				ASSETCATALOG_COMPILER_GLOBAL_ACCENT_COLOR_NAME = AccentColor;
				CODE_SIGN_STYLE = Automatic;
				DEVELOPMENT_TEAM = DZHAL8F38Z;
				INFOPLIST_FILE = LobLawsEcommerce/Info.plist;
				IPHONEOS_DEPLOYMENT_TARGET = 11.3;
				LD_RUNPATH_SEARCH_PATHS = (
					"$(inherited)",
					"@executable_path/Frameworks",
				);
				PRODUCT_BUNDLE_IDENTIFIER = io.doh.LobLawsEcommerce;
				PRODUCT_NAME = "$(TARGET_NAME)";
				SWIFT_VERSION = 5.0;
				TARGETED_DEVICE_FAMILY = "1,2";
			};
			name = Debug;
		};
		82DA971A25B0BDCE00011C42 /* Release */ = {
			isa = XCBuildConfiguration;
			buildSettings = {
				ASSETCATALOG_COMPILER_APPICON_NAME = AppIcon;
				ASSETCATALOG_COMPILER_GLOBAL_ACCENT_COLOR_NAME = AccentColor;
				CODE_SIGN_STYLE = Automatic;
				DEVELOPMENT_TEAM = DZHAL8F38Z;
				INFOPLIST_FILE = LobLawsEcommerce/Info.plist;
				IPHONEOS_DEPLOYMENT_TARGET = 11.3;
				LD_RUNPATH_SEARCH_PATHS = (
					"$(inherited)",
					"@executable_path/Frameworks",
				);
				PRODUCT_BUNDLE_IDENTIFIER = io.doh.LobLawsEcommerce;
				PRODUCT_NAME = "$(TARGET_NAME)";
				SWIFT_VERSION = 5.0;
				TARGETED_DEVICE_FAMILY = "1,2";
			};
			name = Release;
		};
/* End XCBuildConfiguration section */

/* Begin XCConfigurationList section */
		82DA96FF25B0BDC600011C42 /* Build configuration list for PBXProject "LobLawsEcommerce" */ = {
			isa = XCConfigurationList;
			buildConfigurations = (
				82DA971625B0BDCE00011C42 /* Debug */,
				82DA971725B0BDCE00011C42 /* Release */,
			);
			defaultConfigurationIsVisible = 0;
			defaultConfigurationName = Release;
		};
		82DA971825B0BDCE00011C42 /* Build configuration list for PBXNativeTarget "LobLawsEcommerce" */ = {
			isa = XCConfigurationList;
			buildConfigurations = (
				82DA971925B0BDCE00011C42 /* Debug */,
				82DA971A25B0BDCE00011C42 /* Release */,
			);
			defaultConfigurationIsVisible = 0;
			defaultConfigurationName = Release;
		};
/* End XCConfigurationList section */
	};
	rootObject = 82DA96FC25B0BDC600011C42 /* Project object */;
}
